// !$*UTF8*$!
{
	archiveVersion = 1;
	classes = {
	};
	objectVersion = 46;
	objects = {

/* Begin PBXBuildFile section */
		23F412CF19B6E4E800CC1726 /* AppDelegate.swift in Sources */ = {isa = PBXBuildFile; fileRef = 23F412CE19B6E4E800CC1726 /* AppDelegate.swift */; };
		23F412D219B6E4E800CC1726 /* tracker.xcdatamodeld in Sources */ = {isa = PBXBuildFile; fileRef = 23F412D019B6E4E800CC1726 /* tracker.xcdatamodeld */; };
		23F412D419B6E4E800CC1726 /* MasterViewController.swift in Sources */ = {isa = PBXBuildFile; fileRef = 23F412D319B6E4E800CC1726 /* MasterViewController.swift */; };
		23F412D619B6E4E800CC1726 /* DetailViewController.swift in Sources */ = {isa = PBXBuildFile; fileRef = 23F412D519B6E4E800CC1726 /* DetailViewController.swift */; };
		23F412D919B6E4E800CC1726 /* Main.storyboard in Resources */ = {isa = PBXBuildFile; fileRef = 23F412D719B6E4E800CC1726 /* Main.storyboard */; };
		23F412DB19B6E4E800CC1726 /* Images.xcassets in Resources */ = {isa = PBXBuildFile; fileRef = 23F412DA19B6E4E800CC1726 /* Images.xcassets */; };
		23F412E719B6E4E800CC1726 /* trackerTests.swift in Sources */ = {isa = PBXBuildFile; fileRef = 23F412E619B6E4E800CC1726 /* trackerTests.swift */; };
/* End PBXBuildFile section */

/* Begin PBXContainerItemProxy section */
		23F412E119B6E4E800CC1726 /* PBXContainerItemProxy */ = {
			isa = PBXContainerItemProxy;
			containerPortal = 23F412C119B6E4E800CC1726 /* Project object */;
			proxyType = 1;
			remoteGlobalIDString = 23F412C819B6E4E800CC1726;
			remoteInfo = tracker;
		};
/* End PBXContainerItemProxy section */

/* Begin PBXFileReference section */
		23F412C919B6E4E800CC1726 /* tracker.app */ = {isa = PBXFileReference; explicitFileType = wrapper.application; includeInIndex = 0; path = tracker.app; sourceTree = BUILT_PRODUCTS_DIR; };
		23F412CD19B6E4E800CC1726 /* Info.plist */ = {isa = PBXFileReference; lastKnownFileType = text.plist.xml; path = Info.plist; sourceTree = "<group>"; };
		23F412CE19B6E4E800CC1726 /* AppDelegate.swift */ = {isa = PBXFileReference; lastKnownFileType = sourcecode.swift; path = AppDelegate.swift; sourceTree = "<group>"; };
		23F412D119B6E4E800CC1726 /* tracker.xcdatamodel */ = {isa = PBXFileReference; lastKnownFileType = wrapper.xcdatamodel; path = tracker.xcdatamodel; sourceTree = "<group>"; };
		23F412D319B6E4E800CC1726 /* MasterViewController.swift */ = {isa = PBXFileReference; lastKnownFileType = sourcecode.swift; path = MasterViewController.swift; sourceTree = "<group>"; };
		23F412D519B6E4E800CC1726 /* DetailViewController.swift */ = {isa = PBXFileReference; lastKnownFileType = sourcecode.swift; path = DetailViewController.swift; sourceTree = "<group>"; };
		23F412D819B6E4E800CC1726 /* Base */ = {isa = PBXFileReference; lastKnownFileType = file.storyboard; name = Base; path = Base.lproj/Main.storyboard; sourceTree = "<group>"; };
		23F412DA19B6E4E800CC1726 /* Images.xcassets */ = {isa = PBXFileReference; lastKnownFileType = folder.assetcatalog; path = Images.xcassets; sourceTree = "<group>"; };
		23F412E019B6E4E800CC1726 /* trackerTests.xctest */ = {isa = PBXFileReference; explicitFileType = wrapper.cfbundle; includeInIndex = 0; path = trackerTests.xctest; sourceTree = BUILT_PRODUCTS_DIR; };
		23F412E519B6E4E800CC1726 /* Info.plist */ = {isa = PBXFileReference; lastKnownFileType = text.plist.xml; path = Info.plist; sourceTree = "<group>"; };
		23F412E619B6E4E800CC1726 /* trackerTests.swift */ = {isa = PBXFileReference; lastKnownFileType = sourcecode.swift; path = trackerTests.swift; sourceTree = "<group>"; };
/* End PBXFileReference section */

/* Begin PBXFrameworksBuildPhase section */
		23F412C619B6E4E800CC1726 /* Frameworks */ = {
			isa = PBXFrameworksBuildPhase;
			buildActionMask = 2147483647;
			files = (
			);
			runOnlyForDeploymentPostprocessing = 0;
		};
		23F412DD19B6E4E800CC1726 /* Frameworks */ = {
			isa = PBXFrameworksBuildPhase;
			buildActionMask = 2147483647;
			files = (
			);
			runOnlyForDeploymentPostprocessing = 0;
		};
/* End PBXFrameworksBuildPhase section */

/* Begin PBXGroup section */
		23F412C019B6E4E800CC1726 = {
			isa = PBXGroup;
			children = (
				23F412CB19B6E4E800CC1726 /* tracker */,
				23F412E319B6E4E800CC1726 /* trackerTests */,
				23F412CA19B6E4E800CC1726 /* Products */,
			);
			sourceTree = "<group>";
		};
		23F412CA19B6E4E800CC1726 /* Products */ = {
			isa = PBXGroup;
			children = (
				23F412C919B6E4E800CC1726 /* tracker.app */,
				23F412E019B6E4E800CC1726 /* trackerTests.xctest */,
			);
			name = Products;
			sourceTree = "<group>";
		};
		23F412CB19B6E4E800CC1726 /* tracker */ = {
			isa = PBXGroup;
			children = (
				23F412CE19B6E4E800CC1726 /* AppDelegate.swift */,
				23F412D319B6E4E800CC1726 /* MasterViewController.swift */,
				23F412D519B6E4E800CC1726 /* DetailViewController.swift */,
				23F412D719B6E4E800CC1726 /* Main.storyboard */,
				23F412DA19B6E4E800CC1726 /* Images.xcassets */,
				23F412D019B6E4E800CC1726 /* tracker.xcdatamodeld */,
				23F412CC19B6E4E800CC1726 /* Supporting Files */,
			);
			path = tracker;
			sourceTree = "<group>";
		};
		23F412CC19B6E4E800CC1726 /* Supporting Files */ = {
			isa = PBXGroup;
			children = (
				23F412CD19B6E4E800CC1726 /* Info.plist */,
			);
			name = "Supporting Files";
			sourceTree = "<group>";
		};
		23F412E319B6E4E800CC1726 /* trackerTests */ = {
			isa = PBXGroup;
			children = (
				23F412E619B6E4E800CC1726 /* trackerTests.swift */,
				23F412E419B6E4E800CC1726 /* Supporting Files */,
			);
			path = trackerTests;
			sourceTree = "<group>";
		};
		23F412E419B6E4E800CC1726 /* Supporting Files */ = {
			isa = PBXGroup;
			children = (
				23F412E519B6E4E800CC1726 /* Info.plist */,
			);
			name = "Supporting Files";
			sourceTree = "<group>";
		};
/* End PBXGroup section */

/* Begin PBXNativeTarget section */
		23F412C819B6E4E800CC1726 /* tracker */ = {
			isa = PBXNativeTarget;
			buildConfigurationList = 23F412EA19B6E4E800CC1726 /* Build configuration list for PBXNativeTarget "tracker" */;
			buildPhases = (
				23F412C519B6E4E800CC1726 /* Sources */,
				23F412C619B6E4E800CC1726 /* Frameworks */,
				23F412C719B6E4E800CC1726 /* Resources */,
			);
			buildRules = (
			);
			dependencies = (
			);
			name = tracker;
			productName = tracker;
			productReference = 23F412C919B6E4E800CC1726 /* tracker.app */;
			productType = "com.apple.product-type.application";
		};
		23F412DF19B6E4E800CC1726 /* trackerTests */ = {
			isa = PBXNativeTarget;
			buildConfigurationList = 23F412ED19B6E4E800CC1726 /* Build configuration list for PBXNativeTarget "trackerTests" */;
			buildPhases = (
				23F412DC19B6E4E800CC1726 /* Sources */,
				23F412DD19B6E4E800CC1726 /* Frameworks */,
				23F412DE19B6E4E800CC1726 /* Resources */,
			);
			buildRules = (
			);
			dependencies = (
				23F412E219B6E4E800CC1726 /* PBXTargetDependency */,
			);
			name = trackerTests;
			productName = trackerTests;
			productReference = 23F412E019B6E4E800CC1726 /* trackerTests.xctest */;
			productType = "com.apple.product-type.bundle.unit-test";
		};
/* End PBXNativeTarget section */

/* Begin PBXProject section */
		23F412C119B6E4E800CC1726 /* Project object */ = {
			isa = PBXProject;
			attributes = {
				LastUpgradeCheck = 0600;
				ORGANIZATIONNAME = Boa;
				TargetAttributes = {
					23F412C819B6E4E800CC1726 = {
						CreatedOnToolsVersion = 6.0;
					};
					23F412DF19B6E4E800CC1726 = {
						CreatedOnToolsVersion = 6.0;
						TestTargetID = 23F412C819B6E4E800CC1726;
					};
				};
			};
			buildConfigurationList = 23F412C419B6E4E800CC1726 /* Build configuration list for PBXProject "tracker" */;
			compatibilityVersion = "Xcode 3.2";
			developmentRegion = English;
			hasScannedForEncodings = 0;
			knownRegions = (
				en,
				Base,
			);
			mainGroup = 23F412C019B6E4E800CC1726;
			productRefGroup = 23F412CA19B6E4E800CC1726 /* Products */;
			projectDirPath = "";
			projectRoot = "";
			targets = (
				23F412C819B6E4E800CC1726 /* tracker */,
				23F412DF19B6E4E800CC1726 /* trackerTests */,
			);
		};
/* End PBXProject section */

/* Begin PBXResourcesBuildPhase section */
		23F412C719B6E4E800CC1726 /* Resources */ = {
			isa = PBXResourcesBuildPhase;
			buildActionMask = 2147483647;
			files = (
				23F412D919B6E4E800CC1726 /* Main.storyboard in Resources */,
				23F412DB19B6E4E800CC1726 /* Images.xcassets in Resources */,
			);
			runOnlyForDeploymentPostprocessing = 0;
		};
		23F412DE19B6E4E800CC1726 /* Resources */ = {
			isa = PBXResourcesBuildPhase;
			buildActionMask = 2147483647;
			files = (
			);
			runOnlyForDeploymentPostprocessing = 0;
		};
/* End PBXResourcesBuildPhase section */

/* Begin PBXSourcesBuildPhase section */
		23F412C519B6E4E800CC1726 /* Sources */ = {
			isa = PBXSourcesBuildPhase;
			buildActionMask = 2147483647;
			files = (
				23F412D219B6E4E800CC1726 /* tracker.xcdatamodeld in Sources */,
				23F412CF19B6E4E800CC1726 /* AppDelegate.swift in Sources */,
				23F412D419B6E4E800CC1726 /* MasterViewController.swift in Sources */,
				23F412D619B6E4E800CC1726 /* DetailViewController.swift in Sources */,
			);
			runOnlyForDeploymentPostprocessing = 0;
		};
		23F412DC19B6E4E800CC1726 /* Sources */ = {
			isa = PBXSourcesBuildPhase;
			buildActionMask = 2147483647;
			files = (
				23F412E719B6E4E800CC1726 /* trackerTests.swift in Sources */,
			);
			runOnlyForDeploymentPostprocessing = 0;
		};
/* End PBXSourcesBuildPhase section */

/* Begin PBXTargetDependency section */
		23F412E219B6E4E800CC1726 /* PBXTargetDependency */ = {
			isa = PBXTargetDependency;
			target = 23F412C819B6E4E800CC1726 /* tracker */;
			targetProxy = 23F412E119B6E4E800CC1726 /* PBXContainerItemProxy */;
		};
/* End PBXTargetDependency section */

/* Begin PBXVariantGroup section */
		23F412D719B6E4E800CC1726 /* Main.storyboard */ = {
			isa = PBXVariantGroup;
			children = (
				23F412D819B6E4E800CC1726 /* Base */,
			);
			name = Main.storyboard;
			sourceTree = "<group>";
		};
/* End PBXVariantGroup section */

/* Begin XCBuildConfiguration section */
		23F412E819B6E4E800CC1726 /* Debug */ = {
			isa = XCBuildConfiguration;
			buildSettings = {
				ALWAYS_SEARCH_USER_PATHS = NO;
				CLANG_CXX_LANGUAGE_STANDARD = "gnu++0x";
				CLANG_CXX_LIBRARY = "libc++";
				CLANG_ENABLE_MODULES = YES;
				CLANG_ENABLE_OBJC_ARC = YES;
				CLANG_WARN_BOOL_CONVERSION = YES;
				CLANG_WARN_CONSTANT_CONVERSION = YES;
				CLANG_WARN_DIRECT_OBJC_ISA_USAGE = YES_ERROR;
				CLANG_WARN_EMPTY_BODY = YES;
				CLANG_WARN_ENUM_CONVERSION = YES;
				CLANG_WARN_INT_CONVERSION = YES;
				CLANG_WARN_OBJC_ROOT_CLASS = YES_ERROR;
				CLANG_WARN_UNREACHABLE_CODE = YES;
				CLANG_WARN__DUPLICATE_METHOD_MATCH = YES;
				"CODE_SIGN_IDENTITY[sdk=iphoneos*]" = "iPhone Developer";
				COPY_PHASE_STRIP = NO;
				ENABLE_STRICT_OBJC_MSGSEND = YES;
				GCC_C_LANGUAGE_STANDARD = gnu99;
				GCC_DYNAMIC_NO_PIC = NO;
				GCC_OPTIMIZATION_LEVEL = 0;
				GCC_PREPROCESSOR_DEFINITIONS = (
					"DEBUG=1",
					"$(inherited)",
				);
				GCC_SYMBOLS_PRIVATE_EXTERN = NO;
				GCC_WARN_64_TO_32_BIT_CONVERSION = YES;
				GCC_WARN_ABOUT_RETURN_TYPE = YES_ERROR;
				GCC_WARN_UNDECLARED_SELECTOR = YES;
				GCC_WARN_UNINITIALIZED_AUTOS = YES_AGGRESSIVE;
				GCC_WARN_UNUSED_FUNCTION = YES;
				GCC_WARN_UNUSED_VARIABLE = YES;
				IPHONEOS_DEPLOYMENT_TARGET = 8.0;
				MTL_ENABLE_DEBUG_INFO = YES;
				ONLY_ACTIVE_ARCH = YES;
				SDKROOT = iphoneos;
				SWIFT_OPTIMIZATION_LEVEL = "-Onone";
			};
			name = Debug;
		};
		23F412E919B6E4E800CC1726 /* Release */ = {
			isa = XCBuildConfiguration;
			buildSettings = {
				ALWAYS_SEARCH_USER_PATHS = NO;
				CLANG_CXX_LANGUAGE_STANDARD = "gnu++0x";
				CLANG_CXX_LIBRARY = "libc++";
				CLANG_ENABLE_MODULES = YES;
				CLANG_ENABLE_OBJC_ARC = YES;
				CLANG_WARN_BOOL_CONVERSION = YES;
				CLANG_WARN_CONSTANT_CONVERSION = YES;
				CLANG_WARN_DIRECT_OBJC_ISA_USAGE = YES_ERROR;
				CLANG_WARN_EMPTY_BODY = YES;
				CLANG_WARN_ENUM_CONVERSION = YES;
				CLANG_WARN_INT_CONVERSION = YES;
				CLANG_WARN_OBJC_ROOT_CLASS = YES_ERROR;
				CLANG_WARN_UNREACHABLE_CODE = YES;
				CLANG_WARN__DUPLICATE_METHOD_MATCH = YES;
				"CODE_SIGN_IDENTITY[sdk=iphoneos*]" = "iPhone Developer";
				COPY_PHASE_STRIP = YES;
				ENABLE_NS_ASSERTIONS = NO;
				ENABLE_STRICT_OBJC_MSGSEND = YES;
				GCC_C_LANGUAGE_STANDARD = gnu99;
				GCC_WARN_64_TO_32_BIT_CONVERSION = YES;
				GCC_WARN_ABOUT_RETURN_TYPE = YES_ERROR;
				GCC_WARN_UNDECLARED_SELECTOR = YES;
				GCC_WARN_UNINITIALIZED_AUTOS = YES_AGGRESSIVE;
				GCC_WARN_UNUSED_FUNCTION = YES;
				GCC_WARN_UNUSED_VARIABLE = YES;
				IPHONEOS_DEPLOYMENT_TARGET = 8.0;
				MTL_ENABLE_DEBUG_INFO = NO;
				SDKROOT = iphoneos;
				VALIDATE_PRODUCT = YES;
			};
			name = Release;
		};
		23F412EB19B6E4E800CC1726 /* Debug */ = {
			isa = XCBuildConfiguration;
			buildSettings = {
				ASSETCATALOG_COMPILER_APPICON_NAME = AppIcon;
				ASSETCATALOG_COMPILER_LAUNCHIMAGE_NAME = LaunchImage;
				INFOPLIST_FILE = tracker/Info.plist;
				IPHONEOS_DEPLOYMENT_TARGET = 7.0;
				LD_RUNPATH_SEARCH_PATHS = "$(inherited) @executable_path/Frameworks";
				PRODUCT_NAME = "$(TARGET_NAME)";
				PROVISIONING_PROFILE = "d8a7ab51-27b3-40bb-8a94-8270c55e349e";
				TARGETED_DEVICE_FAMILY = "1,2";
			};
			name = Debug;
		};
		23F412EC19B6E4E800CC1726 /* Release */ = {
			isa = XCBuildConfiguration;
			buildSettings = {
				ASSETCATALOG_COMPILER_APPICON_NAME = AppIcon;
				ASSETCATALOG_COMPILER_LAUNCHIMAGE_NAME = LaunchImage;
				CODE_SIGN_IDENTITY = "iPhone Distribution: Brady Archambo (X2D54F8EM9)";
				"CODE_SIGN_IDENTITY[sdk=iphoneos*]" = "iPhone Distribution: Brady Archambo (X2D54F8EM9)";
				INFOPLIST_FILE = tracker/Info.plist;
				IPHONEOS_DEPLOYMENT_TARGET = 7.0;
				LD_RUNPATH_SEARCH_PATHS = "$(inherited) @executable_path/Frameworks";
				PRODUCT_NAME = "$(TARGET_NAME)";
				PROVISIONING_PROFILE = "d8a7ab51-27b3-40bb-8a94-8270c55e349e";
				TARGETED_DEVICE_FAMILY = "1,2";
			};
			name = Release;
		};
		23F412EE19B6E4E800CC1726 /* Debug */ = {
			isa = XCBuildConfiguration;
			buildSettings = {
				BUNDLE_LOADER = "$(TEST_HOST)";
				FRAMEWORK_SEARCH_PATHS = (
					"$(SDKROOT)/Developer/Library/Frameworks",
					"$(inherited)",
				);
				GCC_PREPROCESSOR_DEFINITIONS = (
					"DEBUG=1",
					"$(inherited)",
				);
				INFOPLIST_FILE = trackerTests/Info.plist;
				LD_RUNPATH_SEARCH_PATHS = "$(inherited) @executable_path/Frameworks @loader_path/Frameworks";
				PRODUCT_NAME = "$(TARGET_NAME)";
				TEST_HOST = "$(BUILT_PRODUCTS_DIR)/tracker.app/tracker";
			};
			name = Debug;
		};
		23F412EF19B6E4E800CC1726 /* Release */ = {
			isa = XCBuildConfiguration;
			buildSettings = {
				BUNDLE_LOADER = "$(TEST_HOST)";
				FRAMEWORK_SEARCH_PATHS = (
					"$(SDKROOT)/Developer/Library/Frameworks",
					"$(inherited)",
				);
				INFOPLIST_FILE = trackerTests/Info.plist;
				LD_RUNPATH_SEARCH_PATHS = "$(inherited) @executable_path/Frameworks @loader_path/Frameworks";
				PRODUCT_NAME = "$(TARGET_NAME)";
				TEST_HOST = "$(BUILT_PRODUCTS_DIR)/tracker.app/tracker";
			};
			name = Release;
		};
/* End XCBuildConfiguration section */

/* Begin XCConfigurationList section */
		23F412C419B6E4E800CC1726 /* Build configuration list for PBXProject "tracker" */ = {
			isa = XCConfigurationList;
			buildConfigurations = (
				23F412E819B6E4E800CC1726 /* Debug */,
				23F412E919B6E4E800CC1726 /* Release */,
			);
			defaultConfigurationIsVisible = 0;
			defaultConfigurationName = Release;
		};
		23F412EA19B6E4E800CC1726 /* Build configuration list for PBXNativeTarget "tracker" */ = {
			isa = XCConfigurationList;
			buildConfigurations = (
				23F412EB19B6E4E800CC1726 /* Debug */,
				23F412EC19B6E4E800CC1726 /* Release */,
			);
			defaultConfigurationIsVisible = 0;
			defaultConfigurationName = Release;
		};
		23F412ED19B6E4E800CC1726 /* Build configuration list for PBXNativeTarget "trackerTests" */ = {
			isa = XCConfigurationList;
			buildConfigurations = (
				23F412EE19B6E4E800CC1726 /* Debug */,
				23F412EF19B6E4E800CC1726 /* Release */,
			);
			defaultConfigurationIsVisible = 0;
			defaultConfigurationName = Release;
		};
/* End XCConfigurationList section */

/* Begin XCVersionGroup section */
		23F412D019B6E4E800CC1726 /* tracker.xcdatamodeld */ = {
			isa = XCVersionGroup;
			children = (
				23F412D119B6E4E800CC1726 /* tracker.xcdatamodel */,
			);
			currentVersion = 23F412D119B6E4E800CC1726 /* tracker.xcdatamodel */;
			path = tracker.xcdatamodeld;
			sourceTree = "<group>";
			versionGroupType = wrapper.xcdatamodel;
		};
/* End XCVersionGroup section */
	};
	rootObject = 23F412C119B6E4E800CC1726 /* Project object */;
}
